// !$*UTF8*$!
{
	archiveVersion = 1;
	classes = {
	};
	objectVersion = 46;
	objects = {

/* Begin PBXBuildFile section */
		0E102EE91F611EC600EACF4B /* NSObject+Category.m in Sources */ = {isa = PBXBuildFile; fileRef = 0E102EE81F611EC600EACF4B /* NSObject+Category.m */; };
		0E102EED1F62373100EACF4B /* MyCell+Test.m in Sources */ = {isa = PBXBuildFile; fileRef = 0E102EEC1F62373100EACF4B /* MyCell+Test.m */; };
		0E102EEF1F66D04300EACF4B /* 666.jpg in Resources */ = {isa = PBXBuildFile; fileRef = 0E102EEE1F66D04300EACF4B /* 666.jpg */; };
		0E102F161F6AB58F00EACF4B /* FirstViewController.m in Sources */ = {isa = PBXBuildFile; fileRef = 0E102F141F6AB58F00EACF4B /* FirstViewController.m */; };
		0E102F171F6AB58F00EACF4B /* FirstViewController.xib in Resources */ = {isa = PBXBuildFile; fileRef = 0E102F151F6AB58F00EACF4B /* FirstViewController.xib */; };
		0E603BE01F5793B4006097E2 /* main.m in Sources */ = {isa = PBXBuildFile; fileRef = 0E603BDF1F5793B4006097E2 /* main.m */; };
		0E603BE31F5793B4006097E2 /* AppDelegate.m in Sources */ = {isa = PBXBuildFile; fileRef = 0E603BE21F5793B4006097E2 /* AppDelegate.m */; };
		0E603BE61F5793B4006097E2 /* ViewController.m in Sources */ = {isa = PBXBuildFile; fileRef = 0E603BE51F5793B4006097E2 /* ViewController.m */; };
		0E603BE91F5793B4006097E2 /* Main.storyboard in Resources */ = {isa = PBXBuildFile; fileRef = 0E603BE71F5793B4006097E2 /* Main.storyboard */; };
		0E603BEB1F5793B4006097E2 /* Assets.xcassets in Resources */ = {isa = PBXBuildFile; fileRef = 0E603BEA1F5793B4006097E2 /* Assets.xcassets */; };
		0E603BEE1F5793B4006097E2 /* LaunchScreen.storyboard in Resources */ = {isa = PBXBuildFile; fileRef = 0E603BEC1F5793B4006097E2 /* LaunchScreen.storyboard */; };
		0E603C0F1F57953C006097E2 /* MASCompositeConstraint.m in Sources */ = {isa = PBXBuildFile; fileRef = 0E603BF71F57953C006097E2 /* MASCompositeConstraint.m */; };
		0E603C101F57953C006097E2 /* MASConstraint.m in Sources */ = {isa = PBXBuildFile; fileRef = 0E603BFA1F57953C006097E2 /* MASConstraint.m */; };
		0E603C111F57953C006097E2 /* MASConstraintMaker.m in Sources */ = {isa = PBXBuildFile; fileRef = 0E603BFC1F57953C006097E2 /* MASConstraintMaker.m */; };
		0E603C121F57953C006097E2 /* MASLayoutConstraint.m in Sources */ = {isa = PBXBuildFile; fileRef = 0E603BFE1F57953C006097E2 /* MASLayoutConstraint.m */; };
		0E603C131F57953C006097E2 /* MASViewAttribute.m in Sources */ = {isa = PBXBuildFile; fileRef = 0E603C021F57953C006097E2 /* MASViewAttribute.m */; };
		0E603C141F57953C006097E2 /* MASViewConstraint.m in Sources */ = {isa = PBXBuildFile; fileRef = 0E603C041F57953C006097E2 /* MASViewConstraint.m */; };
		0E603C151F57953C006097E2 /* NSArray+MASAdditions.m in Sources */ = {isa = PBXBuildFile; fileRef = 0E603C061F57953C006097E2 /* NSArray+MASAdditions.m */; };
		0E603C161F57953C006097E2 /* NSLayoutConstraint+MASDebugAdditions.m in Sources */ = {isa = PBXBuildFile; fileRef = 0E603C091F57953C006097E2 /* NSLayoutConstraint+MASDebugAdditions.m */; };
		0E603C171F57953C006097E2 /* View+MASAdditions.m in Sources */ = {isa = PBXBuildFile; fileRef = 0E603C0B1F57953C006097E2 /* View+MASAdditions.m */; };
		0E603C181F57953C006097E2 /* ViewController+MASAdditions.m in Sources */ = {isa = PBXBuildFile; fileRef = 0E603C0E1F57953C006097E2 /* ViewController+MASAdditions.m */; };
		0E603C1B1F579A10006097E2 /* MyCell.m in Sources */ = {isa = PBXBuildFile; fileRef = 0E603C1A1F579A10006097E2 /* MyCell.m */; };
		0E603C1E1F579CA0006097E2 /* ListViewController.m in Sources */ = {isa = PBXBuildFile; fileRef = 0E603C1D1F579CA0006097E2 /* ListViewController.m */; };
		0E603C201F57A00A006097E2 /* header.png in Resources */ = {isa = PBXBuildFile; fileRef = 0E603C1F1F57A00A006097E2 /* header.png */; };
		0E603C271F57A232006097E2 /* datas.plist in Resources */ = {isa = PBXBuildFile; fileRef = 0E603C261F57A232006097E2 /* datas.plist */; };
		0E603C2A1F57A422006097E2 /* MyModel.m in Sources */ = {isa = PBXBuildFile; fileRef = 0E603C291F57A422006097E2 /* MyModel.m */; };
/* End PBXBuildFile section */

/* Begin PBXFileReference section */
		0E102EE71F611EC600EACF4B /* NSObject+Category.h */ = {isa = PBXFileReference; fileEncoding = 4; lastKnownFileType = sourcecode.c.h; path = "NSObject+Category.h"; sourceTree = "<group>"; };
		0E102EE81F611EC600EACF4B /* NSObject+Category.m */ = {isa = PBXFileReference; fileEncoding = 4; lastKnownFileType = sourcecode.c.objc; path = "NSObject+Category.m"; sourceTree = "<group>"; };
		0E102EEB1F62373100EACF4B /* MyCell+Test.h */ = {isa = PBXFileReference; fileEncoding = 4; lastKnownFileType = sourcecode.c.h; path = "MyCell+Test.h"; sourceTree = "<group>"; };
		0E102EEC1F62373100EACF4B /* MyCell+Test.m */ = {isa = PBXFileReference; fileEncoding = 4; lastKnownFileType = sourcecode.c.objc; path = "MyCell+Test.m"; sourceTree = "<group>"; };
		0E102EEE1F66D04300EACF4B /* 666.jpg */ = {isa = PBXFileReference; lastKnownFileType = image.jpeg; path = 666.jpg; sourceTree = "<group>"; };
		0E102F131F6AB58F00EACF4B /* FirstViewController.h */ = {isa = PBXFileReference; fileEncoding = 4; lastKnownFileType = sourcecode.c.h; path = FirstViewController.h; sourceTree = "<group>"; };
		0E102F141F6AB58F00EACF4B /* FirstViewController.m */ = {isa = PBXFileReference; fileEncoding = 4; lastKnownFileType = sourcecode.c.objc; path = FirstViewController.m; sourceTree = "<group>"; };
		0E102F151F6AB58F00EACF4B /* FirstViewController.xib */ = {isa = PBXFileReference; fileEncoding = 4; lastKnownFileType = file.xib; path = FirstViewController.xib; sourceTree = "<group>"; };
		0E603BDB1F5793B4006097E2 /* Login.app */ = {isa = PBXFileReference; explicitFileType = wrapper.application; includeInIndex = 0; path = Login.app; sourceTree = BUILT_PRODUCTS_DIR; };
		0E603BDF1F5793B4006097E2 /* main.m */ = {isa = PBXFileReference; lastKnownFileType = sourcecode.c.objc; path = main.m; sourceTree = "<group>"; };
		0E603BE11F5793B4006097E2 /* AppDelegate.h */ = {isa = PBXFileReference; lastKnownFileType = sourcecode.c.h; path = AppDelegate.h; sourceTree = "<group>"; };
		0E603BE21F5793B4006097E2 /* AppDelegate.m */ = {isa = PBXFileReference; lastKnownFileType = sourcecode.c.objc; path = AppDelegate.m; sourceTree = "<group>"; };
		0E603BE41F5793B4006097E2 /* ViewController.h */ = {isa = PBXFileReference; lastKnownFileType = sourcecode.c.h; path = ViewController.h; sourceTree = "<group>"; };
		0E603BE51F5793B4006097E2 /* ViewController.m */ = {isa = PBXFileReference; lastKnownFileType = sourcecode.c.objc; path = ViewController.m; sourceTree = "<group>"; };
		0E603BE81F5793B4006097E2 /* Base */ = {isa = PBXFileReference; lastKnownFileType = file.storyboard; name = Base; path = Base.lproj/Main.storyboard; sourceTree = "<group>"; };
		0E603BEA1F5793B4006097E2 /* Assets.xcassets */ = {isa = PBXFileReference; lastKnownFileType = folder.assetcatalog; path = Assets.xcassets; sourceTree = "<group>"; };
		0E603BED1F5793B4006097E2 /* Base */ = {isa = PBXFileReference; lastKnownFileType = file.storyboard; name = Base; path = Base.lproj/LaunchScreen.storyboard; sourceTree = "<group>"; };
		0E603BEF1F5793B4006097E2 /* Info.plist */ = {isa = PBXFileReference; lastKnownFileType = text.plist.xml; path = Info.plist; sourceTree = "<group>"; };
		0E603BF61F57953C006097E2 /* MASCompositeConstraint.h */ = {isa = PBXFileReference; fileEncoding = 4; lastKnownFileType = sourcecode.c.h; path = MASCompositeConstraint.h; sourceTree = "<group>"; };
		0E603BF71F57953C006097E2 /* MASCompositeConstraint.m */ = {isa = PBXFileReference; fileEncoding = 4; lastKnownFileType = sourcecode.c.objc; path = MASCompositeConstraint.m; sourceTree = "<group>"; };
		0E603BF81F57953C006097E2 /* MASConstraint+Private.h */ = {isa = PBXFileReference; fileEncoding = 4; lastKnownFileType = sourcecode.c.h; path = "MASConstraint+Private.h"; sourceTree = "<group>"; };
		0E603BF91F57953C006097E2 /* MASConstraint.h */ = {isa = PBXFileReference; fileEncoding = 4; lastKnownFileType = sourcecode.c.h; path = MASConstraint.h; sourceTree = "<group>"; };
		0E603BFA1F57953C006097E2 /* MASConstraint.m */ = {isa = PBXFileReference; fileEncoding = 4; lastKnownFileType = sourcecode.c.objc; path = MASConstraint.m; sourceTree = "<group>"; };
		0E603BFB1F57953C006097E2 /* MASConstraintMaker.h */ = {isa = PBXFileReference; fileEncoding = 4; lastKnownFileType = sourcecode.c.h; path = MASConstraintMaker.h; sourceTree = "<group>"; };
		0E603BFC1F57953C006097E2 /* MASConstraintMaker.m */ = {isa = PBXFileReference; fileEncoding = 4; lastKnownFileType = sourcecode.c.objc; path = MASConstraintMaker.m; sourceTree = "<group>"; };
		0E603BFD1F57953C006097E2 /* MASLayoutConstraint.h */ = {isa = PBXFileReference; fileEncoding = 4; lastKnownFileType = sourcecode.c.h; path = MASLayoutConstraint.h; sourceTree = "<group>"; };
		0E603BFE1F57953C006097E2 /* MASLayoutConstraint.m */ = {isa = PBXFileReference; fileEncoding = 4; lastKnownFileType = sourcecode.c.objc; path = MASLayoutConstraint.m; sourceTree = "<group>"; };
		0E603BFF1F57953C006097E2 /* Masonry.h */ = {isa = PBXFileReference; fileEncoding = 4; lastKnownFileType = sourcecode.c.h; path = Masonry.h; sourceTree = "<group>"; };
		0E603C001F57953C006097E2 /* MASUtilities.h */ = {isa = PBXFileReference; fileEncoding = 4; lastKnownFileType = sourcecode.c.h; path = MASUtilities.h; sourceTree = "<group>"; };
		0E603C011F57953C006097E2 /* MASViewAttribute.h */ = {isa = PBXFileReference; fileEncoding = 4; lastKnownFileType = sourcecode.c.h; path = MASViewAttribute.h; sourceTree = "<group>"; };
		0E603C021F57953C006097E2 /* MASViewAttribute.m */ = {isa = PBXFileReference; fileEncoding = 4; lastKnownFileType = sourcecode.c.objc; path = MASViewAttribute.m; sourceTree = "<group>"; };
		0E603C031F57953C006097E2 /* MASViewConstraint.h */ = {isa = PBXFileReference; fileEncoding = 4; lastKnownFileType = sourcecode.c.h; path = MASViewConstraint.h; sourceTree = "<group>"; };
		0E603C041F57953C006097E2 /* MASViewConstraint.m */ = {isa = PBXFileReference; fileEncoding = 4; lastKnownFileType = sourcecode.c.objc; path = MASViewConstraint.m; sourceTree = "<group>"; };
		0E603C051F57953C006097E2 /* NSArray+MASAdditions.h */ = {isa = PBXFileReference; fileEncoding = 4; lastKnownFileType = sourcecode.c.h; path = "NSArray+MASAdditions.h"; sourceTree = "<group>"; };
		0E603C061F57953C006097E2 /* NSArray+MASAdditions.m */ = {isa = PBXFileReference; fileEncoding = 4; lastKnownFileType = sourcecode.c.objc; path = "NSArray+MASAdditions.m"; sourceTree = "<group>"; };
		0E603C071F57953C006097E2 /* NSArray+MASShorthandAdditions.h */ = {isa = PBXFileReference; fileEncoding = 4; lastKnownFileType = sourcecode.c.h; path = "NSArray+MASShorthandAdditions.h"; sourceTree = "<group>"; };
		0E603C081F57953C006097E2 /* NSLayoutConstraint+MASDebugAdditions.h */ = {isa = PBXFileReference; fileEncoding = 4; lastKnownFileType = sourcecode.c.h; path = "NSLayoutConstraint+MASDebugAdditions.h"; sourceTree = "<group>"; };
		0E603C091F57953C006097E2 /* NSLayoutConstraint+MASDebugAdditions.m */ = {isa = PBXFileReference; fileEncoding = 4; lastKnownFileType = sourcecode.c.objc; path = "NSLayoutConstraint+MASDebugAdditions.m"; sourceTree = "<group>"; };
		0E603C0A1F57953C006097E2 /* View+MASAdditions.h */ = {isa = PBXFileReference; fileEncoding = 4; lastKnownFileType = sourcecode.c.h; path = "View+MASAdditions.h"; sourceTree = "<group>"; };
		0E603C0B1F57953C006097E2 /* View+MASAdditions.m */ = {isa = PBXFileReference; fileEncoding = 4; lastKnownFileType = sourcecode.c.objc; path = "View+MASAdditions.m"; sourceTree = "<group>"; };
		0E603C0C1F57953C006097E2 /* View+MASShorthandAdditions.h */ = {isa = PBXFileReference; fileEncoding = 4; lastKnownFileType = sourcecode.c.h; path = "View+MASShorthandAdditions.h"; sourceTree = "<group>"; };
		0E603C0D1F57953C006097E2 /* ViewController+MASAdditions.h */ = {isa = PBXFileReference; fileEncoding = 4; lastKnownFileType = sourcecode.c.h; path = "ViewController+MASAdditions.h"; sourceTree = "<group>"; };
		0E603C0E1F57953C006097E2 /* ViewController+MASAdditions.m */ = {isa = PBXFileReference; fileEncoding = 4; lastKnownFileType = sourcecode.c.objc; path = "ViewController+MASAdditions.m"; sourceTree = "<group>"; };
		0E603C191F579A10006097E2 /* MyCell.h */ = {isa = PBXFileReference; fileEncoding = 4; lastKnownFileType = sourcecode.c.h; path = MyCell.h; sourceTree = "<group>"; };
		0E603C1A1F579A10006097E2 /* MyCell.m */ = {isa = PBXFileReference; fileEncoding = 4; lastKnownFileType = sourcecode.c.objc; path = MyCell.m; sourceTree = "<group>"; };
		0E603C1C1F579CA0006097E2 /* ListViewController.h */ = {isa = PBXFileReference; fileEncoding = 4; lastKnownFileType = sourcecode.c.h; path = ListViewController.h; sourceTree = "<group>"; };
		0E603C1D1F579CA0006097E2 /* ListViewController.m */ = {isa = PBXFileReference; fileEncoding = 4; lastKnownFileType = sourcecode.c.objc; path = ListViewController.m; sourceTree = "<group>"; };
		0E603C1F1F57A00A006097E2 /* header.png */ = {isa = PBXFileReference; lastKnownFileType = image.png; path = header.png; sourceTree = "<group>"; };
		0E603C261F57A232006097E2 /* datas.plist */ = {isa = PBXFileReference; fileEncoding = 4; lastKnownFileType = text.plist.xml; path = datas.plist; sourceTree = "<group>"; };
		0E603C281F57A422006097E2 /* MyModel.h */ = {isa = PBXFileReference; fileEncoding = 4; lastKnownFileType = sourcecode.c.h; path = MyModel.h; sourceTree = "<group>"; };
		0E603C291F57A422006097E2 /* MyModel.m */ = {isa = PBXFileReference; fileEncoding = 4; lastKnownFileType = sourcecode.c.objc; path = MyModel.m; sourceTree = "<group>"; };
/* End PBXFileReference section */

/* Begin PBXFrameworksBuildPhase section */
		0E603BD81F5793B4006097E2 /* Frameworks */ = {
			isa = PBXFrameworksBuildPhase;
			buildActionMask = 2147483647;
			files = (
			);
			runOnlyForDeploymentPostprocessing = 0;
		};
/* End PBXFrameworksBuildPhase section */

/* Begin PBXGroup section */
		0E603BD21F5793B4006097E2 = {
			isa = PBXGroup;
			children = (
				0E603BDD1F5793B4006097E2 /* Login */,
				0E603BDC1F5793B4006097E2 /* Products */,
			);
			sourceTree = "<group>";
		};
		0E603BDC1F5793B4006097E2 /* Products */ = {
			isa = PBXGroup;
			children = (
				0E603BDB1F5793B4006097E2 /* Login.app */,
			);
			name = Products;
			sourceTree = "<group>";
		};
		0E603BDD1F5793B4006097E2 /* Login */ = {
			isa = PBXGroup;
			children = (
				0E603BF51F57953C006097E2 /* Masonry */,
				0E603BE11F5793B4006097E2 /* AppDelegate.h */,
				0E603BE21F5793B4006097E2 /* AppDelegate.m */,
				0E603BE41F5793B4006097E2 /* ViewController.h */,
				0E603BE51F5793B4006097E2 /* ViewController.m */,
				0E603C1C1F579CA0006097E2 /* ListViewController.h */,
				0E603C1D1F579CA0006097E2 /* ListViewController.m */,
				0E603C191F579A10006097E2 /* MyCell.h */,
				0E603C1A1F579A10006097E2 /* MyCell.m */,
				0E603C281F57A422006097E2 /* MyModel.h */,
				0E603C291F57A422006097E2 /* MyModel.m */,
				0E102EE71F611EC600EACF4B /* NSObject+Category.h */,
				0E102EE81F611EC600EACF4B /* NSObject+Category.m */,
				0E102EEB1F62373100EACF4B /* MyCell+Test.h */,
				0E102EEC1F62373100EACF4B /* MyCell+Test.m */,
				0E102F131F6AB58F00EACF4B /* FirstViewController.h */,
				0E102F141F6AB58F00EACF4B /* FirstViewController.m */,
				0E102F151F6AB58F00EACF4B /* FirstViewController.xib */,
				0E102EEE1F66D04300EACF4B /* 666.jpg */,
				0E603C261F57A232006097E2 /* datas.plist */,
				0E603BDE1F5793B4006097E2 /* Supporting Files */,
			);
			path = Login;
			sourceTree = "<group>";
		};
		0E603BDE1F5793B4006097E2 /* Supporting Files */ = {
			isa = PBXGroup;
			children = (
				0E603C1F1F57A00A006097E2 /* header.png */,
				0E603BEA1F5793B4006097E2 /* Assets.xcassets */,
				0E603BEC1F5793B4006097E2 /* LaunchScreen.storyboard */,
				0E603BE71F5793B4006097E2 /* Main.storyboard */,
				0E603BEF1F5793B4006097E2 /* Info.plist */,
				0E603BDF1F5793B4006097E2 /* main.m */,
			);
			name = "Supporting Files";
			sourceTree = "<group>";
		};
		0E603BF51F57953C006097E2 /* Masonry */ = {
			isa = PBXGroup;
			children = (
				0E603BF61F57953C006097E2 /* MASCompositeConstraint.h */,
				0E603BF71F57953C006097E2 /* MASCompositeConstraint.m */,
				0E603BF81F57953C006097E2 /* MASConstraint+Private.h */,
				0E603BF91F57953C006097E2 /* MASConstraint.h */,
				0E603BFA1F57953C006097E2 /* MASConstraint.m */,
				0E603BFB1F57953C006097E2 /* MASConstraintMaker.h */,
				0E603BFC1F57953C006097E2 /* MASConstraintMaker.m */,
				0E603BFD1F57953C006097E2 /* MASLayoutConstraint.h */,
				0E603BFE1F57953C006097E2 /* MASLayoutConstraint.m */,
				0E603BFF1F57953C006097E2 /* Masonry.h */,
				0E603C001F57953C006097E2 /* MASUtilities.h */,
				0E603C011F57953C006097E2 /* MASViewAttribute.h */,
				0E603C021F57953C006097E2 /* MASViewAttribute.m */,
				0E603C031F57953C006097E2 /* MASViewConstraint.h */,
				0E603C041F57953C006097E2 /* MASViewConstraint.m */,
				0E603C051F57953C006097E2 /* NSArray+MASAdditions.h */,
				0E603C061F57953C006097E2 /* NSArray+MASAdditions.m */,
				0E603C071F57953C006097E2 /* NSArray+MASShorthandAdditions.h */,
				0E603C081F57953C006097E2 /* NSLayoutConstraint+MASDebugAdditions.h */,
				0E603C091F57953C006097E2 /* NSLayoutConstraint+MASDebugAdditions.m */,
				0E603C0A1F57953C006097E2 /* View+MASAdditions.h */,
				0E603C0B1F57953C006097E2 /* View+MASAdditions.m */,
				0E603C0C1F57953C006097E2 /* View+MASShorthandAdditions.h */,
				0E603C0D1F57953C006097E2 /* ViewController+MASAdditions.h */,
				0E603C0E1F57953C006097E2 /* ViewController+MASAdditions.m */,
			);
			path = Masonry;
			sourceTree = "<group>";
		};
/* End PBXGroup section */

/* Begin PBXNativeTarget section */
		0E603BDA1F5793B4006097E2 /* Login */ = {
			isa = PBXNativeTarget;
			buildConfigurationList = 0E603BF21F5793B4006097E2 /* Build configuration list for PBXNativeTarget "Login" */;
			buildPhases = (
				0E603BD71F5793B4006097E2 /* Sources */,
				0E603BD81F5793B4006097E2 /* Frameworks */,
				0E603BD91F5793B4006097E2 /* Resources */,
			);
			buildRules = (
			);
			dependencies = (
			);
			name = Login;
			productName = Login;
			productReference = 0E603BDB1F5793B4006097E2 /* Login.app */;
			productType = "com.apple.product-type.application";
		};
/* End PBXNativeTarget section */

/* Begin PBXProject section */
		0E603BD31F5793B4006097E2 /* Project object */ = {
			isa = PBXProject;
			attributes = {
				LastUpgradeCheck = 0830;
				ORGANIZATIONNAME = jyb;
				TargetAttributes = {
					0E603BDA1F5793B4006097E2 = {
						CreatedOnToolsVersion = 8.3.3;
						ProvisioningStyle = Automatic;
					};
				};
			};
			buildConfigurationList = 0E603BD61F5793B4006097E2 /* Build configuration list for PBXProject "Login" */;
			compatibilityVersion = "Xcode 3.2";
			developmentRegion = English;
			hasScannedForEncodings = 0;
			knownRegions = (
				en,
				Base,
			);
			mainGroup = 0E603BD21F5793B4006097E2;
			productRefGroup = 0E603BDC1F5793B4006097E2 /* Products */;
			projectDirPath = "";
			projectRoot = "";
			targets = (
				0E603BDA1F5793B4006097E2 /* Login */,
			);
		};
/* End PBXProject section */

/* Begin PBXResourcesBuildPhase section */
		0E603BD91F5793B4006097E2 /* Resources */ = {
			isa = PBXResourcesBuildPhase;
			buildActionMask = 2147483647;
			files = (
				0E102EEF1F66D04300EACF4B /* 666.jpg in Resources */,
				0E603BEE1F5793B4006097E2 /* LaunchScreen.storyboard in Resources */,
				0E603C271F57A232006097E2 /* datas.plist in Resources */,
				0E603BEB1F5793B4006097E2 /* Assets.xcassets in Resources */,
				0E603C201F57A00A006097E2 /* header.png in Resources */,
				0E102F171F6AB58F00EACF4B /* FirstViewController.xib in Resources */,
				0E603BE91F5793B4006097E2 /* Main.storyboard in Resources */,
			);
			runOnlyForDeploymentPostprocessing = 0;
		};
/* End PBXResourcesBuildPhase section */

/* Begin PBXSourcesBuildPhase section */
		0E603BD71F5793B4006097E2 /* Sources */ = {
			isa = PBXSourcesBuildPhase;
			buildActionMask = 2147483647;
			files = (
				0E603C161F57953C006097E2 /* NSLayoutConstraint+MASDebugAdditions.m in Sources */,
				0E603C141F57953C006097E2 /* MASViewConstraint.m in Sources */,
				0E603C0F1F57953C006097E2 /* MASCompositeConstraint.m in Sources */,
				0E603C151F57953C006097E2 /* NSArray+MASAdditions.m in Sources */,
				0E102F161F6AB58F00EACF4B /* FirstViewController.m in Sources */,
				0E603BE61F5793B4006097E2 /* ViewController.m in Sources */,
				0E603C1E1F579CA0006097E2 /* ListViewController.m in Sources */,
				0E603BE31F5793B4006097E2 /* AppDelegate.m in Sources */,
				0E102EE91F611EC600EACF4B /* NSObject+Category.m in Sources */,
				0E603C121F57953C006097E2 /* MASLayoutConstraint.m in Sources */,
				0E603BE01F5793B4006097E2 /* main.m in Sources */,
				0E603C181F57953C006097E2 /* ViewController+MASAdditions.m in Sources */,
				0E603C171F57953C006097E2 /* View+MASAdditions.m in Sources */,
				0E603C2A1F57A422006097E2 /* MyModel.m in Sources */,
				0E603C131F57953C006097E2 /* MASViewAttribute.m in Sources */,
				0E603C101F57953C006097E2 /* MASConstraint.m in Sources */,
				0E102EED1F62373100EACF4B /* MyCell+Test.m in Sources */,
				0E603C111F57953C006097E2 /* MASConstraintMaker.m in Sources */,
				0E603C1B1F579A10006097E2 /* MyCell.m in Sources */,
			);
			runOnlyForDeploymentPostprocessing = 0;
		};
/* End PBXSourcesBuildPhase section */

/* Begin PBXVariantGroup section */
		0E603BE71F5793B4006097E2 /* Main.storyboard */ = {
			isa = PBXVariantGroup;
			children = (
				0E603BE81F5793B4006097E2 /* Base */,
			);
			name = Main.storyboard;
			sourceTree = "<group>";
		};
		0E603BEC1F5793B4006097E2 /* LaunchScreen.storyboard */ = {
			isa = PBXVariantGroup;
			children = (
				0E603BED1F5793B4006097E2 /* Base */,
			);
			name = LaunchScreen.storyboard;
			sourceTree = "<group>";
		};
/* End PBXVariantGroup section */

/* Begin XCBuildConfiguration section */
		0E603BF01F5793B4006097E2 /* Debug */ = {
			isa = XCBuildConfiguration;
			buildSettings = {
				ALWAYS_SEARCH_USER_PATHS = NO;
				CLANG_ANALYZER_NONNULL = YES;
				CLANG_ANALYZER_NUMBER_OBJECT_CONVERSION = YES_AGGRESSIVE;
				CLANG_CXX_LANGUAGE_STANDARD = "gnu++0x";
				CLANG_CXX_LIBRARY = "libc++";
				CLANG_ENABLE_MODULES = YES;
				CLANG_ENABLE_OBJC_ARC = YES;
				CLANG_WARN_BOOL_CONVERSION = YES;
				CLANG_WARN_CONSTANT_CONVERSION = YES;
				CLANG_WARN_DIRECT_OBJC_ISA_USAGE = YES_ERROR;
				CLANG_WARN_DOCUMENTATION_COMMENTS = YES;
				CLANG_WARN_EMPTY_BODY = YES;
				CLANG_WARN_ENUM_CONVERSION = YES;
				CLANG_WARN_INFINITE_RECURSION = YES;
				CLANG_WARN_INT_CONVERSION = YES;
				CLANG_WARN_OBJC_ROOT_CLASS = YES_ERROR;
				CLANG_WARN_SUSPICIOUS_MOVE = YES;
				CLANG_WARN_UNREACHABLE_CODE = YES;
				CLANG_WARN__DUPLICATE_METHOD_MATCH = YES;
				"CODE_SIGN_IDENTITY[sdk=iphoneos*]" = "iPhone Developer";
				COPY_PHASE_STRIP = NO;
				DEBUG_INFORMATION_FORMAT = dwarf;
				ENABLE_STRICT_OBJC_MSGSEND = YES;
				ENABLE_TESTABILITY = YES;
				GCC_C_LANGUAGE_STANDARD = gnu99;
				GCC_DYNAMIC_NO_PIC = NO;
				GCC_NO_COMMON_BLOCKS = YES;
				GCC_OPTIMIZATION_LEVEL = 0;
				GCC_PREPROCESSOR_DEFINITIONS = (
					"DEBUG=1",
					"$(inherited)",
				);
				GCC_WARN_64_TO_32_BIT_CONVERSION = YES;
				GCC_WARN_ABOUT_RETURN_TYPE = YES_ERROR;
				GCC_WARN_UNDECLARED_SELECTOR = YES;
				GCC_WARN_UNINITIALIZED_AUTOS = YES_AGGRESSIVE;
				GCC_WARN_UNUSED_FUNCTION = YES;
				GCC_WARN_UNUSED_VARIABLE = YES;
				IPHONEOS_DEPLOYMENT_TARGET = 8.0;
				MTL_ENABLE_DEBUG_INFO = YES;
				ONLY_ACTIVE_ARCH = YES;
				SDKROOT = iphoneos;
			};
			name = Debug;
		};
		0E603BF11F5793B4006097E2 /* Release */ = {
			isa = XCBuildConfiguration;
			buildSettings = {
				ALWAYS_SEARCH_USER_PATHS = NO;
				CLANG_ANALYZER_NONNULL = YES;
				CLANG_ANALYZER_NUMBER_OBJECT_CONVERSION = YES_AGGRESSIVE;
				CLANG_CXX_LANGUAGE_STANDARD = "gnu++0x";
				CLANG_CXX_LIBRARY = "libc++";
				CLANG_ENABLE_MODULES = YES;
				CLANG_ENABLE_OBJC_ARC = YES;
				CLANG_WARN_BOOL_CONVERSION = YES;
				CLANG_WARN_CONSTANT_CONVERSION = YES;
				CLANG_WARN_DIRECT_OBJC_ISA_USAGE = YES_ERROR;
				CLANG_WARN_DOCUMENTATION_COMMENTS = YES;
				CLANG_WARN_EMPTY_BODY = YES;
				CLANG_WARN_ENUM_CONVERSION = YES;
				CLANG_WARN_INFINITE_RECURSION = YES;
				CLANG_WARN_INT_CONVERSION = YES;
				CLANG_WARN_OBJC_ROOT_CLASS = YES_ERROR;
				CLANG_WARN_SUSPICIOUS_MOVE = YES;
				CLANG_WARN_UNREACHABLE_CODE = YES;
				CLANG_WARN__DUPLICATE_METHOD_MATCH = YES;
				"CODE_SIGN_IDENTITY[sdk=iphoneos*]" = "iPhone Developer";
				COPY_PHASE_STRIP = NO;
				DEBUG_INFORMATION_FORMAT = "dwarf-with-dsym";
				ENABLE_NS_ASSERTIONS = NO;
				ENABLE_STRICT_OBJC_MSGSEND = YES;
				GCC_C_LANGUAGE_STANDARD = gnu99;
				GCC_NO_COMMON_BLOCKS = YES;
				GCC_WARN_64_TO_32_BIT_CONVERSION = YES;
				GCC_WARN_ABOUT_RETURN_TYPE = YES_ERROR;
				GCC_WARN_UNDECLARED_SELECTOR = YES;
				GCC_WARN_UNINITIALIZED_AUTOS = YES_AGGRESSIVE;
				GCC_WARN_UNUSED_FUNCTION = YES;
				GCC_WARN_UNUSED_VARIABLE = YES;
				IPHONEOS_DEPLOYMENT_TARGET = 8.0;
				MTL_ENABLE_DEBUG_INFO = NO;
				SDKROOT = iphoneos;
				VALIDATE_PRODUCT = YES;
			};
			name = Release;
		};
		0E603BF31F5793B4006097E2 /* Debug */ = {
			isa = XCBuildConfiguration;
			buildSettings = {
				ASSETCATALOG_COMPILER_APPICON_NAME = AppIcon;
				INFOPLIST_FILE = Login/Info.plist;
				IPHONEOS_DEPLOYMENT_TARGET = 8.0;
				LD_RUNPATH_SEARCH_PATHS = "$(inherited) @executable_path/Frameworks";
				PRODUCT_BUNDLE_IDENTIFIER = jyb.Login;
				PRODUCT_NAME = "$(TARGET_NAME)";
			};
			name = Debug;
		};
		0E603BF41F5793B4006097E2 /* Release */ = {
			isa = XCBuildConfiguration;
			buildSettings = {
				ASSETCATALOG_COMPILER_APPICON_NAME = AppIcon;
				INFOPLIST_FILE = Login/Info.plist;
				IPHONEOS_DEPLOYMENT_TARGET = 8.0;
				LD_RUNPATH_SEARCH_PATHS = "$(inherited) @executable_path/Frameworks";
				PRODUCT_BUNDLE_IDENTIFIER = jyb.Login;
				PRODUCT_NAME = "$(TARGET_NAME)";
			};
			name = Release;
		};
/* End XCBuildConfiguration section */

/* Begin XCConfigurationList section */
		0E603BD61F5793B4006097E2 /* Build configuration list for PBXProject "Login" */ = {
			isa = XCConfigurationList;
			buildConfigurations = (
				0E603BF01F5793B4006097E2 /* Debug */,
				0E603BF11F5793B4006097E2 /* Release */,
			);
			defaultConfigurationIsVisible = 0;
			defaultConfigurationName = Release;
		};
		0E603BF21F5793B4006097E2 /* Build configuration list for PBXNativeTarget "Login" */ = {
			isa = XCConfigurationList;
			buildConfigurations = (
				0E603BF31F5793B4006097E2 /* Debug */,
				0E603BF41F5793B4006097E2 /* Release */,
			);
			defaultConfigurationIsVisible = 0;
			defaultConfigurationName = Release;
		};
/* End XCConfigurationList section */
	};
	rootObject = 0E603BD31F5793B4006097E2 /* Project object */;
}
